// !$*UTF8*$!
{
	archiveVersion = 1;
	classes = {
	};
	objectVersion = 50;
	objects = {

/* Begin PBXBuildFile section */
		0FF42DE4D106646491FD0772 /* Pods_iChat_iChatUITests.framework in Frameworks */ = {isa = PBXBuildFile; fileRef = 9DFB4A4BE5CB3890708AC428 /* Pods_iChat_iChatUITests.framework */; };
		13A53203E32E4B8256ABD938 /* Pods_iChatTests.framework in Frameworks */ = {isa = PBXBuildFile; fileRef = 2D12AA46828344DCD6B70F66 /* Pods_iChatTests.framework */; };
		1E9CA3462386CC6800B68339 /* AppDelegate.swift in Sources */ = {isa = PBXBuildFile; fileRef = 1E9CA3452386CC6800B68339 /* AppDelegate.swift */; };
		1E9CA3482386CC6800B68339 /* SceneDelegate.swift in Sources */ = {isa = PBXBuildFile; fileRef = 1E9CA3472386CC6800B68339 /* SceneDelegate.swift */; };
		1E9CA34A2386CC6800B68339 /* ViewController.swift in Sources */ = {isa = PBXBuildFile; fileRef = 1E9CA3492386CC6800B68339 /* ViewController.swift */; };
		1E9CA34D2386CC6800B68339 /* Main.storyboard in Resources */ = {isa = PBXBuildFile; fileRef = 1E9CA34B2386CC6800B68339 /* Main.storyboard */; };
		1E9CA34F2386CC6A00B68339 /* Assets.xcassets in Resources */ = {isa = PBXBuildFile; fileRef = 1E9CA34E2386CC6A00B68339 /* Assets.xcassets */; };
		1E9CA3522386CC6A00B68339 /* LaunchScreen.storyboard in Resources */ = {isa = PBXBuildFile; fileRef = 1E9CA3502386CC6A00B68339 /* LaunchScreen.storyboard */; };
		1E9CA35D2386CC6A00B68339 /* iChatTests.swift in Sources */ = {isa = PBXBuildFile; fileRef = 1E9CA35C2386CC6A00B68339 /* iChatTests.swift */; };
		1E9CA3682386CC6A00B68339 /* iChatUITests.swift in Sources */ = {isa = PBXBuildFile; fileRef = 1E9CA3672386CC6A00B68339 /* iChatUITests.swift */; };
		1E9CA3762386D0C600B68339 /* GoogleService-Info.plist in Resources */ = {isa = PBXBuildFile; fileRef = 1E9CA3752386D0C600B68339 /* GoogleService-Info.plist */; };
		B51CD35FE3DC4C6F0E2A1C92 /* Pods_iChat.framework in Frameworks */ = {isa = PBXBuildFile; fileRef = 7B6936676D7A15D474A64282 /* Pods_iChat.framework */; };
/* End PBXBuildFile section */

/* Begin PBXContainerItemProxy section */
		1E9CA3592386CC6A00B68339 /* PBXContainerItemProxy */ = {
			isa = PBXContainerItemProxy;
			containerPortal = 1E9CA33A2386CC6800B68339 /* Project object */;
			proxyType = 1;
			remoteGlobalIDString = 1E9CA3412386CC6800B68339;
			remoteInfo = iChat;
		};
		1E9CA3642386CC6A00B68339 /* PBXContainerItemProxy */ = {
			isa = PBXContainerItemProxy;
			containerPortal = 1E9CA33A2386CC6800B68339 /* Project object */;
			proxyType = 1;
			remoteGlobalIDString = 1E9CA3412386CC6800B68339;
			remoteInfo = iChat;
		};
/* End PBXContainerItemProxy section */

/* Begin PBXFileReference section */
		01A1A2ADDA2123D8DA8F2378 /* Pods-iChatTests.release.xcconfig */ = {isa = PBXFileReference; includeInIndex = 1; lastKnownFileType = text.xcconfig; name = "Pods-iChatTests.release.xcconfig"; path = "Target Support Files/Pods-iChatTests/Pods-iChatTests.release.xcconfig"; sourceTree = "<group>"; };
		1E9CA3422386CC6800B68339 /* iChat.app */ = {isa = PBXFileReference; explicitFileType = wrapper.application; includeInIndex = 0; path = iChat.app; sourceTree = BUILT_PRODUCTS_DIR; };
		1E9CA3452386CC6800B68339 /* AppDelegate.swift */ = {isa = PBXFileReference; lastKnownFileType = sourcecode.swift; path = AppDelegate.swift; sourceTree = "<group>"; };
		1E9CA3472386CC6800B68339 /* SceneDelegate.swift */ = {isa = PBXFileReference; lastKnownFileType = sourcecode.swift; path = SceneDelegate.swift; sourceTree = "<group>"; };
		1E9CA3492386CC6800B68339 /* ViewController.swift */ = {isa = PBXFileReference; lastKnownFileType = sourcecode.swift; path = ViewController.swift; sourceTree = "<group>"; };
		1E9CA34C2386CC6800B68339 /* Base */ = {isa = PBXFileReference; lastKnownFileType = file.storyboard; name = Base; path = Base.lproj/Main.storyboard; sourceTree = "<group>"; };
		1E9CA34E2386CC6A00B68339 /* Assets.xcassets */ = {isa = PBXFileReference; lastKnownFileType = folder.assetcatalog; path = Assets.xcassets; sourceTree = "<group>"; };
		1E9CA3512386CC6A00B68339 /* Base */ = {isa = PBXFileReference; lastKnownFileType = file.storyboard; name = Base; path = Base.lproj/LaunchScreen.storyboard; sourceTree = "<group>"; };
		1E9CA3532386CC6A00B68339 /* Info.plist */ = {isa = PBXFileReference; lastKnownFileType = text.plist.xml; path = Info.plist; sourceTree = "<group>"; };
		1E9CA3582386CC6A00B68339 /* iChatTests.xctest */ = {isa = PBXFileReference; explicitFileType = wrapper.cfbundle; includeInIndex = 0; path = iChatTests.xctest; sourceTree = BUILT_PRODUCTS_DIR; };
		1E9CA35C2386CC6A00B68339 /* iChatTests.swift */ = {isa = PBXFileReference; lastKnownFileType = sourcecode.swift; path = iChatTests.swift; sourceTree = "<group>"; };
		1E9CA35E2386CC6A00B68339 /* Info.plist */ = {isa = PBXFileReference; lastKnownFileType = text.plist.xml; path = Info.plist; sourceTree = "<group>"; };
		1E9CA3632386CC6A00B68339 /* iChatUITests.xctest */ = {isa = PBXFileReference; explicitFileType = wrapper.cfbundle; includeInIndex = 0; path = iChatUITests.xctest; sourceTree = BUILT_PRODUCTS_DIR; };
		1E9CA3672386CC6A00B68339 /* iChatUITests.swift */ = {isa = PBXFileReference; lastKnownFileType = sourcecode.swift; path = iChatUITests.swift; sourceTree = "<group>"; };
		1E9CA3692386CC6A00B68339 /* Info.plist */ = {isa = PBXFileReference; lastKnownFileType = text.plist.xml; path = Info.plist; sourceTree = "<group>"; };
		1E9CA3752386D0C600B68339 /* GoogleService-Info.plist */ = {isa = PBXFileReference; fileEncoding = 4; lastKnownFileType = text.plist.xml; path = "GoogleService-Info.plist"; sourceTree = "<group>"; };
		2D12AA46828344DCD6B70F66 /* Pods_iChatTests.framework */ = {isa = PBXFileReference; explicitFileType = wrapper.framework; includeInIndex = 0; path = Pods_iChatTests.framework; sourceTree = BUILT_PRODUCTS_DIR; };
		31480EB54E9380D612B3D14C /* Pods-iChatTests.debug.xcconfig */ = {isa = PBXFileReference; includeInIndex = 1; lastKnownFileType = text.xcconfig; name = "Pods-iChatTests.debug.xcconfig"; path = "Target Support Files/Pods-iChatTests/Pods-iChatTests.debug.xcconfig"; sourceTree = "<group>"; };
		7B6936676D7A15D474A64282 /* Pods_iChat.framework */ = {isa = PBXFileReference; explicitFileType = wrapper.framework; includeInIndex = 0; path = Pods_iChat.framework; sourceTree = BUILT_PRODUCTS_DIR; };
		8148AFB5A7FE85C1AF5B6778 /* Pods-iChat.release.xcconfig */ = {isa = PBXFileReference; includeInIndex = 1; lastKnownFileType = text.xcconfig; name = "Pods-iChat.release.xcconfig"; path = "Target Support Files/Pods-iChat/Pods-iChat.release.xcconfig"; sourceTree = "<group>"; };
		9DFB4A4BE5CB3890708AC428 /* Pods_iChat_iChatUITests.framework */ = {isa = PBXFileReference; explicitFileType = wrapper.framework; includeInIndex = 0; path = Pods_iChat_iChatUITests.framework; sourceTree = BUILT_PRODUCTS_DIR; };
		AF7916F739043CD1210632FC /* Pods-iChat-iChatUITests.release.xcconfig */ = {isa = PBXFileReference; includeInIndex = 1; lastKnownFileType = text.xcconfig; name = "Pods-iChat-iChatUITests.release.xcconfig"; path = "Target Support Files/Pods-iChat-iChatUITests/Pods-iChat-iChatUITests.release.xcconfig"; sourceTree = "<group>"; };
		DA4ADACD760B8A02887252AD /* Pods-iChat-iChatUITests.debug.xcconfig */ = {isa = PBXFileReference; includeInIndex = 1; lastKnownFileType = text.xcconfig; name = "Pods-iChat-iChatUITests.debug.xcconfig"; path = "Target Support Files/Pods-iChat-iChatUITests/Pods-iChat-iChatUITests.debug.xcconfig"; sourceTree = "<group>"; };
		F392F0B654089E5F5D2795A0 /* Pods-iChat.debug.xcconfig */ = {isa = PBXFileReference; includeInIndex = 1; lastKnownFileType = text.xcconfig; name = "Pods-iChat.debug.xcconfig"; path = "Target Support Files/Pods-iChat/Pods-iChat.debug.xcconfig"; sourceTree = "<group>"; };
/* End PBXFileReference section */

/* Begin PBXFrameworksBuildPhase section */
		1E9CA33F2386CC6800B68339 /* Frameworks */ = {
			isa = PBXFrameworksBuildPhase;
			buildActionMask = 2147483647;
			files = (
				B51CD35FE3DC4C6F0E2A1C92 /* Pods_iChat.framework in Frameworks */,
			);
			runOnlyForDeploymentPostprocessing = 0;
		};
		1E9CA3552386CC6A00B68339 /* Frameworks */ = {
			isa = PBXFrameworksBuildPhase;
			buildActionMask = 2147483647;
			files = (
				13A53203E32E4B8256ABD938 /* Pods_iChatTests.framework in Frameworks */,
			);
			runOnlyForDeploymentPostprocessing = 0;
		};
		1E9CA3602386CC6A00B68339 /* Frameworks */ = {
			isa = PBXFrameworksBuildPhase;
			buildActionMask = 2147483647;
			files = (
				0FF42DE4D106646491FD0772 /* Pods_iChat_iChatUITests.framework in Frameworks */,
			);
			runOnlyForDeploymentPostprocessing = 0;
		};
/* End PBXFrameworksBuildPhase section */

/* Begin PBXGroup section */
		1E9CA3392386CC6800B68339 = {
			isa = PBXGroup;
			children = (
				1E9CA3442386CC6800B68339 /* iChat */,
				1E9CA35B2386CC6A00B68339 /* iChatTests */,
				1E9CA3662386CC6A00B68339 /* iChatUITests */,
				1E9CA3432386CC6800B68339 /* Products */,
				7A9C64C416A8E2485C358DCD /* Pods */,
				86A644B6C03602D0C7DF26D2 /* Frameworks */,
			);
			sourceTree = "<group>";
		};
		1E9CA3432386CC6800B68339 /* Products */ = {
			isa = PBXGroup;
			children = (
				1E9CA3422386CC6800B68339 /* iChat.app */,
				1E9CA3582386CC6A00B68339 /* iChatTests.xctest */,
				1E9CA3632386CC6A00B68339 /* iChatUITests.xctest */,
			);
			name = Products;
			sourceTree = "<group>";
		};
		1E9CA3442386CC6800B68339 /* iChat */ = {
			isa = PBXGroup;
			children = (
				1E9CA3752386D0C600B68339 /* GoogleService-Info.plist */,
				1E9CA3452386CC6800B68339 /* AppDelegate.swift */,
				1E9CA3472386CC6800B68339 /* SceneDelegate.swift */,
				1E9CA3492386CC6800B68339 /* ViewController.swift */,
				1E9CA34B2386CC6800B68339 /* Main.storyboard */,
				1E9CA34E2386CC6A00B68339 /* Assets.xcassets */,
				1E9CA3502386CC6A00B68339 /* LaunchScreen.storyboard */,
				1E9CA3532386CC6A00B68339 /* Info.plist */,
			);
			path = iChat;
			sourceTree = "<group>";
		};
		1E9CA35B2386CC6A00B68339 /* iChatTests */ = {
			isa = PBXGroup;
			children = (
				1E9CA35C2386CC6A00B68339 /* iChatTests.swift */,
				1E9CA35E2386CC6A00B68339 /* Info.plist */,
			);
			path = iChatTests;
			sourceTree = "<group>";
		};
		1E9CA3662386CC6A00B68339 /* iChatUITests */ = {
			isa = PBXGroup;
			children = (
				1E9CA3672386CC6A00B68339 /* iChatUITests.swift */,
				1E9CA3692386CC6A00B68339 /* Info.plist */,
			);
			path = iChatUITests;
			sourceTree = "<group>";
		};
		7A9C64C416A8E2485C358DCD /* Pods */ = {
			isa = PBXGroup;
			children = (
				F392F0B654089E5F5D2795A0 /* Pods-iChat.debug.xcconfig */,
				8148AFB5A7FE85C1AF5B6778 /* Pods-iChat.release.xcconfig */,
				DA4ADACD760B8A02887252AD /* Pods-iChat-iChatUITests.debug.xcconfig */,
				AF7916F739043CD1210632FC /* Pods-iChat-iChatUITests.release.xcconfig */,
				31480EB54E9380D612B3D14C /* Pods-iChatTests.debug.xcconfig */,
				01A1A2ADDA2123D8DA8F2378 /* Pods-iChatTests.release.xcconfig */,
			);
			name = Pods;
			path = Pods;
			sourceTree = "<group>";
		};
		86A644B6C03602D0C7DF26D2 /* Frameworks */ = {
			isa = PBXGroup;
			children = (
				7B6936676D7A15D474A64282 /* Pods_iChat.framework */,
				9DFB4A4BE5CB3890708AC428 /* Pods_iChat_iChatUITests.framework */,
				2D12AA46828344DCD6B70F66 /* Pods_iChatTests.framework */,
			);
			name = Frameworks;
			sourceTree = "<group>";
		};
/* End PBXGroup section */

/* Begin PBXNativeTarget section */
		1E9CA3412386CC6800B68339 /* iChat */ = {
			isa = PBXNativeTarget;
			buildConfigurationList = 1E9CA36C2386CC6A00B68339 /* Build configuration list for PBXNativeTarget "iChat" */;
			buildPhases = (
				DD4ECA8C827C2FA6A2C45388 /* [CP] Check Pods Manifest.lock */,
				1E9CA33E2386CC6800B68339 /* Sources */,
				1E9CA33F2386CC6800B68339 /* Frameworks */,
				1E9CA3402386CC6800B68339 /* Resources */,
				B95CF0C6D05D67432D1D3948 /* [CP] Embed Pods Frameworks */,
			);
			buildRules = (
			);
			dependencies = (
			);
			name = iChat;
			productName = iChat;
			productReference = 1E9CA3422386CC6800B68339 /* iChat.app */;
			productType = "com.apple.product-type.application";
		};
		1E9CA3572386CC6A00B68339 /* iChatTests */ = {
			isa = PBXNativeTarget;
			buildConfigurationList = 1E9CA36F2386CC6A00B68339 /* Build configuration list for PBXNativeTarget "iChatTests" */;
			buildPhases = (
				ADF3CC06EF71844CF094C71E /* [CP] Check Pods Manifest.lock */,
				1E9CA3542386CC6A00B68339 /* Sources */,
				1E9CA3552386CC6A00B68339 /* Frameworks */,
				1E9CA3562386CC6A00B68339 /* Resources */,
			);
			buildRules = (
			);
			dependencies = (
				1E9CA35A2386CC6A00B68339 /* PBXTargetDependency */,
			);
			name = iChatTests;
			productName = iChatTests;
			productReference = 1E9CA3582386CC6A00B68339 /* iChatTests.xctest */;
			productType = "com.apple.product-type.bundle.unit-test";
		};
		1E9CA3622386CC6A00B68339 /* iChatUITests */ = {
			isa = PBXNativeTarget;
			buildConfigurationList = 1E9CA3722386CC6A00B68339 /* Build configuration list for PBXNativeTarget "iChatUITests" */;
			buildPhases = (
				99DA7FDDF8AD71E3CC4E4FC7 /* [CP] Check Pods Manifest.lock */,
				1E9CA35F2386CC6A00B68339 /* Sources */,
				1E9CA3602386CC6A00B68339 /* Frameworks */,
				1E9CA3612386CC6A00B68339 /* Resources */,
				AF4833EE1E291CCE861F7CAB /* [CP] Embed Pods Frameworks */,
			);
			buildRules = (
			);
			dependencies = (
				1E9CA3652386CC6A00B68339 /* PBXTargetDependency */,
			);
			name = iChatUITests;
			productName = iChatUITests;
			productReference = 1E9CA3632386CC6A00B68339 /* iChatUITests.xctest */;
			productType = "com.apple.product-type.bundle.ui-testing";
		};
/* End PBXNativeTarget section */

/* Begin PBXProject section */
		1E9CA33A2386CC6800B68339 /* Project object */ = {
			isa = PBXProject;
			attributes = {
				LastSwiftUpdateCheck = 1120;
				LastUpgradeCheck = 1120;
				ORGANIZATIONNAME = "Hien Ho Developer";
				TargetAttributes = {
					1E9CA3412386CC6800B68339 = {
						CreatedOnToolsVersion = 11.2;
					};
					1E9CA3572386CC6A00B68339 = {
						CreatedOnToolsVersion = 11.2;
						TestTargetID = 1E9CA3412386CC6800B68339;
					};
					1E9CA3622386CC6A00B68339 = {
						CreatedOnToolsVersion = 11.2;
						TestTargetID = 1E9CA3412386CC6800B68339;
					};
				};
			};
			buildConfigurationList = 1E9CA33D2386CC6800B68339 /* Build configuration list for PBXProject "iChat" */;
			compatibilityVersion = "Xcode 9.3";
			developmentRegion = en;
			hasScannedForEncodings = 0;
			knownRegions = (
				en,
				Base,
			);
			mainGroup = 1E9CA3392386CC6800B68339;
			productRefGroup = 1E9CA3432386CC6800B68339 /* Products */;
			projectDirPath = "";
			projectRoot = "";
			targets = (
				1E9CA3412386CC6800B68339 /* iChat */,
				1E9CA3572386CC6A00B68339 /* iChatTests */,
				1E9CA3622386CC6A00B68339 /* iChatUITests */,
			);
		};
/* End PBXProject section */

/* Begin PBXResourcesBuildPhase section */
		1E9CA3402386CC6800B68339 /* Resources */ = {
			isa = PBXResourcesBuildPhase;
			buildActionMask = 2147483647;
			files = (
				1E9CA3522386CC6A00B68339 /* LaunchScreen.storyboard in Resources */,
				1E9CA3762386D0C600B68339 /* GoogleService-Info.plist in Resources */,
				1E9CA34F2386CC6A00B68339 /* Assets.xcassets in Resources */,
				1E9CA34D2386CC6800B68339 /* Main.storyboard in Resources */,
			);
			runOnlyForDeploymentPostprocessing = 0;
		};
		1E9CA3562386CC6A00B68339 /* Resources */ = {
			isa = PBXResourcesBuildPhase;
			buildActionMask = 2147483647;
			files = (
			);
			runOnlyForDeploymentPostprocessing = 0;
		};
		1E9CA3612386CC6A00B68339 /* Resources */ = {
			isa = PBXResourcesBuildPhase;
			buildActionMask = 2147483647;
			files = (
			);
			runOnlyForDeploymentPostprocessing = 0;
		};
/* End PBXResourcesBuildPhase section */

/* Begin PBXShellScriptBuildPhase section */
		99DA7FDDF8AD71E3CC4E4FC7 /* [CP] Check Pods Manifest.lock */ = {
			isa = PBXShellScriptBuildPhase;
			buildActionMask = 2147483647;
			files = (
			);
			inputFileListPaths = (
			);
			inputPaths = (
				"${PODS_PODFILE_DIR_PATH}/Podfile.lock",
				"${PODS_ROOT}/Manifest.lock",
			);
			name = "[CP] Check Pods Manifest.lock";
			outputFileListPaths = (
			);
			outputPaths = (
				"$(DERIVED_FILE_DIR)/Pods-iChat-iChatUITests-checkManifestLockResult.txt",
			);
			runOnlyForDeploymentPostprocessing = 0;
			shellPath = /bin/sh;
			shellScript = "diff \"${PODS_PODFILE_DIR_PATH}/Podfile.lock\" \"${PODS_ROOT}/Manifest.lock\" > /dev/null\nif [ $? != 0 ] ; then\n    # print error to STDERR\n    echo \"error: The sandbox is not in sync with the Podfile.lock. Run 'pod install' or update your CocoaPods installation.\" >&2\n    exit 1\nfi\n# This output is used by Xcode 'outputs' to avoid re-running this script phase.\necho \"SUCCESS\" > \"${SCRIPT_OUTPUT_FILE_0}\"\n";
			showEnvVarsInLog = 0;
		};
		ADF3CC06EF71844CF094C71E /* [CP] Check Pods Manifest.lock */ = {
			isa = PBXShellScriptBuildPhase;
			buildActionMask = 2147483647;
			files = (
			);
			inputFileListPaths = (
			);
			inputPaths = (
				"${PODS_PODFILE_DIR_PATH}/Podfile.lock",
				"${PODS_ROOT}/Manifest.lock",
			);
			name = "[CP] Check Pods Manifest.lock";
			outputFileListPaths = (
			);
			outputPaths = (
				"$(DERIVED_FILE_DIR)/Pods-iChatTests-checkManifestLockResult.txt",
			);
			runOnlyForDeploymentPostprocessing = 0;
			shellPath = /bin/sh;
			shellScript = "diff \"${PODS_PODFILE_DIR_PATH}/Podfile.lock\" \"${PODS_ROOT}/Manifest.lock\" > /dev/null\nif [ $? != 0 ] ; then\n    # print error to STDERR\n    echo \"error: The sandbox is not in sync with the Podfile.lock. Run 'pod install' or update your CocoaPods installation.\" >&2\n    exit 1\nfi\n# This output is used by Xcode 'outputs' to avoid re-running this script phase.\necho \"SUCCESS\" > \"${SCRIPT_OUTPUT_FILE_0}\"\n";
			showEnvVarsInLog = 0;
		};
		AF4833EE1E291CCE861F7CAB /* [CP] Embed Pods Frameworks */ = {
			isa = PBXShellScriptBuildPhase;
			buildActionMask = 2147483647;
			files = (
			);
			inputFileListPaths = (
				"${PODS_ROOT}/Target Support Files/Pods-iChat-iChatUITests/Pods-iChat-iChatUITests-frameworks-${CONFIGURATION}-input-files.xcfilelist",
			);
			name = "[CP] Embed Pods Frameworks";
			outputFileListPaths = (
				"${PODS_ROOT}/Target Support Files/Pods-iChat-iChatUITests/Pods-iChat-iChatUITests-frameworks-${CONFIGURATION}-output-files.xcfilelist",
			);
			runOnlyForDeploymentPostprocessing = 0;
			shellPath = /bin/sh;
			shellScript = "\"${PODS_ROOT}/Target Support Files/Pods-iChat-iChatUITests/Pods-iChat-iChatUITests-frameworks.sh\"\n";
			showEnvVarsInLog = 0;
		};
		B95CF0C6D05D67432D1D3948 /* [CP] Embed Pods Frameworks */ = {
			isa = PBXShellScriptBuildPhase;
			buildActionMask = 2147483647;
			files = (
			);
			inputFileListPaths = (
				"${PODS_ROOT}/Target Support Files/Pods-iChat/Pods-iChat-frameworks-${CONFIGURATION}-input-files.xcfilelist",
			);
			name = "[CP] Embed Pods Frameworks";
			outputFileListPaths = (
				"${PODS_ROOT}/Target Support Files/Pods-iChat/Pods-iChat-frameworks-${CONFIGURATION}-output-files.xcfilelist",
			);
			runOnlyForDeploymentPostprocessing = 0;
			shellPath = /bin/sh;
			shellScript = "\"${PODS_ROOT}/Target Support Files/Pods-iChat/Pods-iChat-frameworks.sh\"\n";
			showEnvVarsInLog = 0;
		};
		DD4ECA8C827C2FA6A2C45388 /* [CP] Check Pods Manifest.lock */ = {
			isa = PBXShellScriptBuildPhase;
			buildActionMask = 2147483647;
			files = (
			);
			inputFileListPaths = (
			);
			inputPaths = (
				"${PODS_PODFILE_DIR_PATH}/Podfile.lock",
				"${PODS_ROOT}/Manifest.lock",
			);
			name = "[CP] Check Pods Manifest.lock";
			outputFileListPaths = (
			);
			outputPaths = (
				"$(DERIVED_FILE_DIR)/Pods-iChat-checkManifestLockResult.txt",
			);
			runOnlyForDeploymentPostprocessing = 0;
			shellPath = /bin/sh;
			shellScript = "diff \"${PODS_PODFILE_DIR_PATH}/Podfile.lock\" \"${PODS_ROOT}/Manifest.lock\" > /dev/null\nif [ $? != 0 ] ; then\n    # print error to STDERR\n    echo \"error: The sandbox is not in sync with the Podfile.lock. Run 'pod install' or update your CocoaPods installation.\" >&2\n    exit 1\nfi\n# This output is used by Xcode 'outputs' to avoid re-running this script phase.\necho \"SUCCESS\" > \"${SCRIPT_OUTPUT_FILE_0}\"\n";
			showEnvVarsInLog = 0;
		};
/* End PBXShellScriptBuildPhase section */

/* Begin PBXSourcesBuildPhase section */
		1E9CA33E2386CC6800B68339 /* Sources */ = {
			isa = PBXSourcesBuildPhase;
			buildActionMask = 2147483647;
			files = (
				1E9CA34A2386CC6800B68339 /* ViewController.swift in Sources */,
				1E9CA3462386CC6800B68339 /* AppDelegate.swift in Sources */,
				1E9CA3482386CC6800B68339 /* SceneDelegate.swift in Sources */,
			);
			runOnlyForDeploymentPostprocessing = 0;
		};
		1E9CA3542386CC6A00B68339 /* Sources */ = {
			isa = PBXSourcesBuildPhase;
			buildActionMask = 2147483647;
			files = (
				1E9CA35D2386CC6A00B68339 /* iChatTests.swift in Sources */,
			);
			runOnlyForDeploymentPostprocessing = 0;
		};
		1E9CA35F2386CC6A00B68339 /* Sources */ = {
			isa = PBXSourcesBuildPhase;
			buildActionMask = 2147483647;
			files = (
				1E9CA3682386CC6A00B68339 /* iChatUITests.swift in Sources */,
			);
			runOnlyForDeploymentPostprocessing = 0;
		};
/* End PBXSourcesBuildPhase section */

/* Begin PBXTargetDependency section */
		1E9CA35A2386CC6A00B68339 /* PBXTargetDependency */ = {
			isa = PBXTargetDependency;
			target = 1E9CA3412386CC6800B68339 /* iChat */;
			targetProxy = 1E9CA3592386CC6A00B68339 /* PBXContainerItemProxy */;
		};
		1E9CA3652386CC6A00B68339 /* PBXTargetDependency */ = {
			isa = PBXTargetDependency;
			target = 1E9CA3412386CC6800B68339 /* iChat */;
			targetProxy = 1E9CA3642386CC6A00B68339 /* PBXContainerItemProxy */;
		};
/* End PBXTargetDependency section */

/* Begin PBXVariantGroup section */
		1E9CA34B2386CC6800B68339 /* Main.storyboard */ = {
			isa = PBXVariantGroup;
			children = (
				1E9CA34C2386CC6800B68339 /* Base */,
			);
			name = Main.storyboard;
			sourceTree = "<group>";
		};
		1E9CA3502386CC6A00B68339 /* LaunchScreen.storyboard */ = {
			isa = PBXVariantGroup;
			children = (
				1E9CA3512386CC6A00B68339 /* Base */,
			);
			name = LaunchScreen.storyboard;
			sourceTree = "<group>";
		};
/* End PBXVariantGroup section */

/* Begin XCBuildConfiguration section */
		1E9CA36A2386CC6A00B68339 /* Debug */ = {
			isa = XCBuildConfiguration;
			buildSettings = {
				ALWAYS_SEARCH_USER_PATHS = NO;
				CLANG_ANALYZER_NONNULL = YES;
				CLANG_ANALYZER_NUMBER_OBJECT_CONVERSION = YES_AGGRESSIVE;
				CLANG_CXX_LANGUAGE_STANDARD = "gnu++14";
				CLANG_CXX_LIBRARY = "libc++";
				CLANG_ENABLE_MODULES = YES;
				CLANG_ENABLE_OBJC_ARC = YES;
				CLANG_ENABLE_OBJC_WEAK = YES;
				CLANG_WARN_BLOCK_CAPTURE_AUTORELEASING = YES;
				CLANG_WARN_BOOL_CONVERSION = YES;
				CLANG_WARN_COMMA = YES;
				CLANG_WARN_CONSTANT_CONVERSION = YES;
				CLANG_WARN_DEPRECATED_OBJC_IMPLEMENTATIONS = YES;
				CLANG_WARN_DIRECT_OBJC_ISA_USAGE = YES_ERROR;
				CLANG_WARN_DOCUMENTATION_COMMENTS = YES;
				CLANG_WARN_EMPTY_BODY = YES;
				CLANG_WARN_ENUM_CONVERSION = YES;
				CLANG_WARN_INFINITE_RECURSION = YES;
				CLANG_WARN_INT_CONVERSION = YES;
				CLANG_WARN_NON_LITERAL_NULL_CONVERSION = YES;
				CLANG_WARN_OBJC_IMPLICIT_RETAIN_SELF = YES;
				CLANG_WARN_OBJC_LITERAL_CONVERSION = YES;
				CLANG_WARN_OBJC_ROOT_CLASS = YES_ERROR;
				CLANG_WARN_RANGE_LOOP_ANALYSIS = YES;
				CLANG_WARN_STRICT_PROTOTYPES = YES;
				CLANG_WARN_SUSPICIOUS_MOVE = YES;
				CLANG_WARN_UNGUARDED_AVAILABILITY = YES_AGGRESSIVE;
				CLANG_WARN_UNREACHABLE_CODE = YES;
				CLANG_WARN__DUPLICATE_METHOD_MATCH = YES;
				COPY_PHASE_STRIP = NO;
				DEBUG_INFORMATION_FORMAT = dwarf;
				ENABLE_STRICT_OBJC_MSGSEND = YES;
				ENABLE_TESTABILITY = YES;
				GCC_C_LANGUAGE_STANDARD = gnu11;
				GCC_DYNAMIC_NO_PIC = NO;
				GCC_NO_COMMON_BLOCKS = YES;
				GCC_OPTIMIZATION_LEVEL = 0;
				GCC_PREPROCESSOR_DEFINITIONS = (
					"DEBUG=1",
					"$(inherited)",
				);
				GCC_WARN_64_TO_32_BIT_CONVERSION = YES;
				GCC_WARN_ABOUT_RETURN_TYPE = YES_ERROR;
				GCC_WARN_UNDECLARED_SELECTOR = YES;
				GCC_WARN_UNINITIALIZED_AUTOS = YES_AGGRESSIVE;
				GCC_WARN_UNUSED_FUNCTION = YES;
				GCC_WARN_UNUSED_VARIABLE = YES;
				IPHONEOS_DEPLOYMENT_TARGET = 13.2;
				MTL_ENABLE_DEBUG_INFO = INCLUDE_SOURCE;
				MTL_FAST_MATH = YES;
				ONLY_ACTIVE_ARCH = YES;
				SDKROOT = iphoneos;
				SWIFT_ACTIVE_COMPILATION_CONDITIONS = DEBUG;
				SWIFT_OPTIMIZATION_LEVEL = "-Onone";
			};
			name = Debug;
		};
		1E9CA36B2386CC6A00B68339 /* Release */ = {
			isa = XCBuildConfiguration;
			buildSettings = {
				ALWAYS_SEARCH_USER_PATHS = NO;
				CLANG_ANALYZER_NONNULL = YES;
				CLANG_ANALYZER_NUMBER_OBJECT_CONVERSION = YES_AGGRESSIVE;
				CLANG_CXX_LANGUAGE_STANDARD = "gnu++14";
				CLANG_CXX_LIBRARY = "libc++";
				CLANG_ENABLE_MODULES = YES;
				CLANG_ENABLE_OBJC_ARC = YES;
				CLANG_ENABLE_OBJC_WEAK = YES;
				CLANG_WARN_BLOCK_CAPTURE_AUTORELEASING = YES;
				CLANG_WARN_BOOL_CONVERSION = YES;
				CLANG_WARN_COMMA = YES;
				CLANG_WARN_CONSTANT_CONVERSION = YES;
				CLANG_WARN_DEPRECATED_OBJC_IMPLEMENTATIONS = YES;
				CLANG_WARN_DIRECT_OBJC_ISA_USAGE = YES_ERROR;
				CLANG_WARN_DOCUMENTATION_COMMENTS = YES;
				CLANG_WARN_EMPTY_BODY = YES;
				CLANG_WARN_ENUM_CONVERSION = YES;
				CLANG_WARN_INFINITE_RECURSION = YES;
				CLANG_WARN_INT_CONVERSION = YES;
				CLANG_WARN_NON_LITERAL_NULL_CONVERSION = YES;
				CLANG_WARN_OBJC_IMPLICIT_RETAIN_SELF = YES;
				CLANG_WARN_OBJC_LITERAL_CONVERSION = YES;
				CLANG_WARN_OBJC_ROOT_CLASS = YES_ERROR;
				CLANG_WARN_RANGE_LOOP_ANALYSIS = YES;
				CLANG_WARN_STRICT_PROTOTYPES = YES;
				CLANG_WARN_SUSPICIOUS_MOVE = YES;
				CLANG_WARN_UNGUARDED_AVAILABILITY = YES_AGGRESSIVE;
				CLANG_WARN_UNREACHABLE_CODE = YES;
				CLANG_WARN__DUPLICATE_METHOD_MATCH = YES;
				COPY_PHASE_STRIP = NO;
				DEBUG_INFORMATION_FORMAT = "dwarf-with-dsym";
				ENABLE_NS_ASSERTIONS = NO;
				ENABLE_STRICT_OBJC_MSGSEND = YES;
				GCC_C_LANGUAGE_STANDARD = gnu11;
				GCC_NO_COMMON_BLOCKS = YES;
				GCC_WARN_64_TO_32_BIT_CONVERSION = YES;
				GCC_WARN_ABOUT_RETURN_TYPE = YES_ERROR;
				GCC_WARN_UNDECLARED_SELECTOR = YES;
				GCC_WARN_UNINITIALIZED_AUTOS = YES_AGGRESSIVE;
				GCC_WARN_UNUSED_FUNCTION = YES;
				GCC_WARN_UNUSED_VARIABLE = YES;
				IPHONEOS_DEPLOYMENT_TARGET = 13.2;
				MTL_ENABLE_DEBUG_INFO = NO;
				MTL_FAST_MATH = YES;
				SDKROOT = iphoneos;
				SWIFT_COMPILATION_MODE = wholemodule;
				SWIFT_OPTIMIZATION_LEVEL = "-O";
				VALIDATE_PRODUCT = YES;
			};
			name = Release;
		};
		1E9CA36D2386CC6A00B68339 /* Debug */ = {
			isa = XCBuildConfiguration;
			baseConfigurationReference = F392F0B654089E5F5D2795A0 /* Pods-iChat.debug.xcconfig */;
			buildSettings = {
				ASSETCATALOG_COMPILER_APPICON_NAME = AppIcon;
				CODE_SIGN_STYLE = Automatic;
				DEVELOPMENT_TEAM = B9C7RXV7S2;
				INFOPLIST_FILE = iChat/Info.plist;
				LD_RUNPATH_SEARCH_PATHS = (
					"$(inherited)",
					"@executable_path/Frameworks",
				);
				PRODUCT_BUNDLE_IDENTIFIER = TeamLuna.iChat;
				PRODUCT_NAME = "$(TARGET_NAME)";
				SWIFT_VERSION = 5.0;
				TARGETED_DEVICE_FAMILY = "1,2";
			};
			name = Debug;
		};
		1E9CA36E2386CC6A00B68339 /* Release */ = {
			isa = XCBuildConfiguration;
			baseConfigurationReference = 8148AFB5A7FE85C1AF5B6778 /* Pods-iChat.release.xcconfig */;
			buildSettings = {
				ASSETCATALOG_COMPILER_APPICON_NAME = AppIcon;
				CODE_SIGN_STYLE = Automatic;
				DEVELOPMENT_TEAM = B9C7RXV7S2;
				INFOPLIST_FILE = iChat/Info.plist;
				LD_RUNPATH_SEARCH_PATHS = (
					"$(inherited)",
					"@executable_path/Frameworks",
				);
				PRODUCT_BUNDLE_IDENTIFIER = TeamLuna.iChat;
				PRODUCT_NAME = "$(TARGET_NAME)";
				SWIFT_VERSION = 5.0;
				TARGETED_DEVICE_FAMILY = "1,2";
			};
			name = Release;
		};
		1E9CA3702386CC6A00B68339 /* Debug */ = {
			isa = XCBuildConfiguration;
			baseConfigurationReference = 31480EB54E9380D612B3D14C /* Pods-iChatTests.debug.xcconfig */;
			buildSettings = {
				ALWAYS_EMBED_SWIFT_STANDARD_LIBRARIES = YES;
				BUNDLE_LOADER = "$(TEST_HOST)";
				CODE_SIGN_STYLE = Automatic;
				DEVELOPMENT_TEAM = B9C7RXV7S2;
				INFOPLIST_FILE = iChatTests/Info.plist;
				IPHONEOS_DEPLOYMENT_TARGET = 13.2;
				LD_RUNPATH_SEARCH_PATHS = (
					"$(inherited)",
					"@executable_path/Frameworks",
					"@loader_path/Frameworks",
				);
				PRODUCT_BUNDLE_IDENTIFIER = TeamLuna.iChatTests;
				PRODUCT_NAME = "$(TARGET_NAME)";
				SWIFT_VERSION = 5.0;
				TARGETED_DEVICE_FAMILY = "1,2";
				TEST_HOST = "$(BUILT_PRODUCTS_DIR)/iChat.app/iChat";
			};
			name = Debug;
		};
		1E9CA3712386CC6A00B68339 /* Release */ = {
			isa = XCBuildConfiguration;
			baseConfigurationReference = 01A1A2ADDA2123D8DA8F2378 /* Pods-iChatTests.release.xcconfig */;
			buildSettings = {
				ALWAYS_EMBED_SWIFT_STANDARD_LIBRARIES = YES;
				BUNDLE_LOADER = "$(TEST_HOST)";
				CODE_SIGN_STYLE = Automatic;
				DEVELOPMENT_TEAM = B9C7RXV7S2;
				INFOPLIST_FILE = iChatTests/Info.plist;
				IPHONEOS_DEPLOYMENT_TARGET = 13.2;
				LD_RUNPATH_SEARCH_PATHS = (
					"$(inherited)",
					"@executable_path/Frameworks",
					"@loader_path/Frameworks",
				);
				PRODUCT_BUNDLE_IDENTIFIER = TeamLuna.iChatTests;
				PRODUCT_NAME = "$(TARGET_NAME)";
				SWIFT_VERSION = 5.0;
				TARGETED_DEVICE_FAMILY = "1,2";
				TEST_HOST = "$(BUILT_PRODUCTS_DIR)/iChat.app/iChat";
			};
			name = Release;
		};
		1E9CA3732386CC6A00B68339 /* Debug */ = {
			isa = XCBuildConfiguration;
			baseConfigurationReference = DA4ADACD760B8A02887252AD /* Pods-iChat-iChatUITests.debug.xcconfig */;
			buildSettings = {
				ALWAYS_EMBED_SWIFT_STANDARD_LIBRARIES = YES;
				CODE_SIGN_STYLE = Automatic;
				DEVELOPMENT_TEAM = B9C7RXV7S2;
				INFOPLIST_FILE = iChatUITests/Info.plist;
				LD_RUNPATH_SEARCH_PATHS = (
					"$(inherited)",
					"@executable_path/Frameworks",
					"@loader_path/Frameworks",
				);
				PRODUCT_BUNDLE_IDENTIFIER = TeamLuna.iChatUITests;
				PRODUCT_NAME = "$(TARGET_NAME)";
				SWIFT_VERSION = 5.0;
				TARGETED_DEVICE_FAMILY = "1,2";
				TEST_TARGET_NAME = iChat;
			};
			name = Debug;
		};
		1E9CA3742386CC6A00B68339 /* Release */ = {
			isa = XCBuildConfiguration;
			baseConfigurationReference = AF7916F739043CD1210632FC /* Pods-iChat-iChatUITests.release.xcconfig */;
			buildSettings = {
				ALWAYS_EMBED_SWIFT_STANDARD_LIBRARIES = YES;
				CODE_SIGN_STYLE = Automatic;
				DEVELOPMENT_TEAM = B9C7RXV7S2;
				INFOPLIST_FILE = iChatUITests/Info.plist;
				LD_RUNPATH_SEARCH_PATHS = (
					"$(inherited)",
					"@executable_path/Frameworks",
					"@loader_path/Frameworks",
				);
				PRODUCT_BUNDLE_IDENTIFIER = TeamLuna.iChatUITests;
				PRODUCT_NAME = "$(TARGET_NAME)";
				SWIFT_VERSION = 5.0;
				TARGETED_DEVICE_FAMILY = "1,2";
				TEST_TARGET_NAME = iChat;
			};
			name = Release;
		};
/* End XCBuildConfiguration section */

/* Begin XCConfigurationList section */
		1E9CA33D2386CC6800B68339 /* Build configuration list for PBXProject "iChat" */ = {
			isa = XCConfigurationList;
			buildConfigurations = (
				1E9CA36A2386CC6A00B68339 /* Debug */,
				1E9CA36B2386CC6A00B68339 /* Release */,
			);
			defaultConfigurationIsVisible = 0;
			defaultConfigurationName = Release;
		};
		1E9CA36C2386CC6A00B68339 /* Build configuration list for PBXNativeTarget "iChat" */ = {
			isa = XCConfigurationList;
			buildConfigurations = (
				1E9CA36D2386CC6A00B68339 /* Debug */,
				1E9CA36E2386CC6A00B68339 /* Release */,
			);
			defaultConfigurationIsVisible = 0;
			defaultConfigurationName = Release;
		};
		1E9CA36F2386CC6A00B68339 /* Build configuration list for PBXNativeTarget "iChatTests" */ = {
			isa = XCConfigurationList;
			buildConfigurations = (
				1E9CA3702386CC6A00B68339 /* Debug */,
				1E9CA3712386CC6A00B68339 /* Release */,
			);
			defaultConfigurationIsVisible = 0;
			defaultConfigurationName = Release;
		};
		1E9CA3722386CC6A00B68339 /* Build configuration list for PBXNativeTarget "iChatUITests" */ = {
			isa = XCConfigurationList;
			buildConfigurations = (
				1E9CA3732386CC6A00B68339 /* Debug */,
				1E9CA3742386CC6A00B68339 /* Release */,
			);
			defaultConfigurationIsVisible = 0;
			defaultConfigurationName = Release;
		};
/* End XCConfigurationList section */
	};
	rootObject = 1E9CA33A2386CC6800B68339 /* Project object */;
}
